
Microsoft Visual Studio Solution File, Format Version 12.00
# Visual Studio 15
VisualStudioVersion = 15.0.27703.2018
MinimumVisualStudioVersion = 10.0.40219.1
Project("{FAE04EC0-301F-11D3-BF4B-00C04F79EFBC}") = "Phoneword.Android", "Phoneword\Phoneword.Android\Phoneword.Android.csproj", "{5261D4F1-E2EB-431C-8666-9C15CFD985FC}"
EndProject
Project("{FAE04EC0-301F-11D3-BF4B-00C04F79EFBC}") = "Phoneword.iOS", "Phoneword\Phoneword.iOS\Phoneword.iOS.csproj", "{15929CE6-2A12-4661-AF0D-60212725029E}"
EndProject
Project("{FAE04EC0-301F-11D3-BF4B-00C04F79EFBC}") = "Phoneword.UWP", "Phoneword\Phoneword.UWP\Phoneword.UWP.csproj", "{9BF5AE11-02AA-4742-A2B7-14FFE06788F8}"
EndProject
Project("{9A19103F-16F7-4668-BE54-9A1E7A4F7556}") = "Phoneword", "Phoneword\Phoneword\Phoneword.csproj", "{BACFA84A-B163-4ED1-82BB-0492BFD239C1}"
EndProject
Global
	GlobalSection(SolutionConfigurationPlatforms) = preSolution
		Ad-Hoc|Any CPU = Ad-Hoc|Any CPU
		Ad-Hoc|ARM = Ad-Hoc|ARM
		Ad-Hoc|iPhone = Ad-Hoc|iPhone
		Ad-Hoc|iPhoneSimulator = Ad-Hoc|iPhoneSimulator
		Ad-Hoc|x64 = Ad-Hoc|x64
		Ad-Hoc|x86 = Ad-Hoc|x86
		AppStore|Any CPU = AppStore|Any CPU
		AppStore|ARM = AppStore|ARM
		AppStore|iPhone = AppStore|iPhone
		AppStore|iPhoneSimulator = AppStore|iPhoneSimulator
		AppStore|x64 = AppStore|x64
		AppStore|x86 = AppStore|x86
		Debug|Any CPU = Debug|Any CPU
		Debug|ARM = Debug|ARM
		Debug|iPhone = Debug|iPhone
		Debug|iPhoneSimulator = Debug|iPhoneSimulator
		Debug|x64 = Debug|x64
		Debug|x86 = Debug|x86
		Release|Any CPU = Release|Any CPU
		Release|ARM = Release|ARM
		Release|iPhone = Release|iPhone
		Release|iPhoneSimulator = Release|iPhoneSimulator
		Release|x64 = Release|x64
		Release|x86 = Release|x86
	EndGlobalSection
	GlobalSection(ProjectConfigurationPlatforms) = postSolution
		{5261D4F1-E2EB-431C-8666-9C15CFD985FC}.Ad-Hoc|Any CPU.ActiveCfg = Release|Any CPU
		{5261D4F1-E2EB-431C-8666-9C15CFD985FC}.Ad-Hoc|Any CPU.Build.0 = Release|Any CPU
		{5261D4F1-E2EB-431C-8666-9C15CFD985FC}.Ad-Hoc|Any CPU.Deploy.0 = Release|Any CPU
		{5261D4F1-E2EB-431C-8666-9C15CFD985FC}.Ad-Hoc|ARM.ActiveCfg = Release|Any CPU
		{5261D4F1-E2EB-431C-8666-9C15CFD985FC}.Ad-Hoc|ARM.Build.0 = Release|Any CPU
		{5261D4F1-E2EB-431C-8666-9C15CFD985FC}.Ad-Hoc|ARM.Deploy.0 = Release|Any CPU
		{5261D4F1-E2EB-431C-8666-9C15CFD985FC}.Ad-Hoc|iPhone.ActiveCfg = Release|Any CPU
		{5261D4F1-E2EB-431C-8666-9C15CFD985FC}.Ad-Hoc|iPhone.Build.0 = Release|Any CPU
		{5261D4F1-E2EB-431C-8666-9C15CFD985FC}.Ad-Hoc|iPhone.Deploy.0 = Release|Any CPU
		{5261D4F1-E2EB-431C-8666-9C15CFD985FC}.Ad-Hoc|iPhoneSimulator.ActiveCfg = Release|Any CPU
		{5261D4F1-E2EB-431C-8666-9C15CFD985FC}.Ad-Hoc|iPhoneSimulator.Build.0 = Release|Any CPU
		{5261D4F1-E2EB-431C-8666-9C15CFD985FC}.Ad-Hoc|iPhoneSimulator.Deploy.0 = Release|Any CPU
		{5261D4F1-E2EB-431C-8666-9C15CFD985FC}.Ad-Hoc|x64.ActiveCfg = Release|Any CPU
		{5261D4F1-E2EB-431C-8666-9C15CFD985FC}.Ad-Hoc|x64.Build.0 = Release|Any CPU
		{5261D4F1-E2EB-431C-8666-9C15CFD985FC}.Ad-Hoc|x64.Deploy.0 = Release|Any CPU
		{5261D4F1-E2EB-431C-8666-9C15CFD985FC}.Ad-Hoc|x86.ActiveCfg = Release|Any CPU
		{5261D4F1-E2EB-431C-8666-9C15CFD985FC}.Ad-Hoc|x86.Build.0 = Release|Any CPU
		{5261D4F1-E2EB-431C-8666-9C15CFD985FC}.Ad-Hoc|x86.Deploy.0 = Release|Any CPU
		{5261D4F1-E2EB-431C-8666-9C15CFD985FC}.AppStore|Any CPU.ActiveCfg = Release|Any CPU
		{5261D4F1-E2EB-431C-8666-9C15CFD985FC}.AppStore|Any CPU.Build.0 = Release|Any CPU
		{5261D4F1-E2EB-431C-8666-9C15CFD985FC}.AppStore|Any CPU.Deploy.0 = Release|Any CPU
		{5261D4F1-E2EB-431C-8666-9C15CFD985FC}.AppStore|ARM.ActiveCfg = Release|Any CPU
		{5261D4F1-E2EB-431C-8666-9C15CFD985FC}.AppStore|ARM.Build.0 = Release|Any CPU
		{5261D4F1-E2EB-431C-8666-9C15CFD985FC}.AppStore|ARM.Deploy.0 = Release|Any CPU
		{5261D4F1-E2EB-431C-8666-9C15CFD985FC}.AppStore|iPhone.ActiveCfg = Release|Any CPU
		{5261D4F1-E2EB-431C-8666-9C15CFD985FC}.AppStore|iPhone.Build.0 = Release|Any CPU
		{5261D4F1-E2EB-431C-8666-9C15CFD985FC}.AppStore|iPhone.Deploy.0 = Release|Any CPU
		{5261D4F1-E2EB-431C-8666-9C15CFD985FC}.AppStore|iPhoneSimulator.ActiveCfg = Release|Any CPU
		{5261D4F1-E2EB-431C-8666-9C15CFD985FC}.AppStore|iPhoneSimulator.Build.0 = Release|Any CPU
		{5261D4F1-E2EB-431C-8666-9C15CFD985FC}.AppStore|iPhoneSimulator.Deploy.0 = Release|Any CPU
		{5261D4F1-E2EB-431C-8666-9C15CFD985FC}.AppStore|x64.ActiveCfg = Release|Any CPU
		{5261D4F1-E2EB-431C-8666-9C15CFD985FC}.AppStore|x64.Build.0 = Release|Any CPU
		{5261D4F1-E2EB-431C-8666-9C15CFD985FC}.AppStore|x64.Deploy.0 = Release|Any CPU
		{5261D4F1-E2EB-431C-8666-9C15CFD985FC}.AppStore|x86.ActiveCfg = Release|Any CPU
		{5261D4F1-E2EB-431C-8666-9C15CFD985FC}.AppStore|x86.Build.0 = Release|Any CPU
		{5261D4F1-E2EB-431C-8666-9C15CFD985FC}.AppStore|x86.Deploy.0 = Release|Any CPU
		{5261D4F1-E2EB-431C-8666-9C15CFD985FC}.Debug|Any CPU.ActiveCfg = Debug|Any CPU
		{5261D4F1-E2EB-431C-8666-9C15CFD985FC}.Debug|Any CPU.Build.0 = Debug|Any CPU
		{5261D4F1-E2EB-431C-8666-9C15CFD985FC}.Debug|Any CPU.Deploy.0 = Debug|Any CPU
		{5261D4F1-E2EB-431C-8666-9C15CFD985FC}.Debug|ARM.ActiveCfg = Debug|Any CPU
		{5261D4F1-E2EB-431C-8666-9C15CFD985FC}.Debug|ARM.Build.0 = Debug|Any CPU
		{5261D4F1-E2EB-431C-8666-9C15CFD985FC}.Debug|ARM.Deploy.0 = Debug|Any CPU
		{5261D4F1-E2EB-431C-8666-9C15CFD985FC}.Debug|iPhone.ActiveCfg = Debug|Any CPU
		{5261D4F1-E2EB-431C-8666-9C15CFD985FC}.Debug|iPhone.Build.0 = Debug|Any CPU
		{5261D4F1-E2EB-431C-8666-9C15CFD985FC}.Debug|iPhone.Deploy.0 = Debug|Any CPU
		{5261D4F1-E2EB-431C-8666-9C15CFD985FC}.Debug|iPhoneSimulator.ActiveCfg = Debug|Any CPU
		{5261D4F1-E2EB-431C-8666-9C15CFD985FC}.Debug|iPhoneSimulator.Build.0 = Debug|Any CPU
		{5261D4F1-E2EB-431C-8666-9C15CFD985FC}.Debug|iPhoneSimulator.Deploy.0 = Debug|Any CPU
		{5261D4F1-E2EB-431C-8666-9C15CFD985FC}.Debug|x64.ActiveCfg = Debug|Any CPU
		{5261D4F1-E2EB-431C-8666-9C15CFD985FC}.Debug|x64.Build.0 = Debug|Any CPU
		{5261D4F1-E2EB-431C-8666-9C15CFD985FC}.Debug|x64.Deploy.0 = Debug|Any CPU
		{5261D4F1-E2EB-431C-8666-9C15CFD985FC}.Debug|x86.ActiveCfg = Debug|Any CPU
		{5261D4F1-E2EB-431C-8666-9C15CFD985FC}.Debug|x86.Build.0 = Debug|Any CPU
		{5261D4F1-E2EB-431C-8666-9C15CFD985FC}.Debug|x86.Deploy.0 = Debug|Any CPU
		{5261D4F1-E2EB-431C-8666-9C15CFD985FC}.Release|Any CPU.ActiveCfg = Release|Any CPU
		{5261D4F1-E2EB-431C-8666-9C15CFD985FC}.Release|Any CPU.Build.0 = Release|Any CPU
		{5261D4F1-E2EB-431C-8666-9C15CFD985FC}.Release|Any CPU.Deploy.0 = Release|Any CPU
		{5261D4F1-E2EB-431C-8666-9C15CFD985FC}.Release|ARM.ActiveCfg = Release|Any CPU
		{5261D4F1-E2EB-431C-8666-9C15CFD985FC}.Release|ARM.Build.0 = Release|Any CPU
		{5261D4F1-E2EB-431C-8666-9C15CFD985FC}.Release|ARM.Deploy.0 = Release|Any CPU
		{5261D4F1-E2EB-431C-8666-9C15CFD985FC}.Release|iPhone.ActiveCfg = Release|Any CPU
		{5261D4F1-E2EB-431C-8666-9C15CFD985FC}.Release|iPhone.Build.0 = Release|Any CPU
		{5261D4F1-E2EB-431C-8666-9C15CFD985FC}.Release|iPhone.Deploy.0 = Release|Any CPU
		{5261D4F1-E2EB-431C-8666-9C15CFD985FC}.Release|iPhoneSimulator.ActiveCfg = Release|Any CPU
		{5261D4F1-E2EB-431C-8666-9C15CFD985FC}.Release|iPhoneSimulator.Build.0 = Release|Any CPU
		{5261D4F1-E2EB-431C-8666-9C15CFD985FC}.Release|iPhoneSimulator.Deploy.0 = Release|Any CPU
		{5261D4F1-E2EB-431C-8666-9C15CFD985FC}.Release|x64.ActiveCfg = Release|Any CPU
		{5261D4F1-E2EB-431C-8666-9C15CFD985FC}.Release|x64.Build.0 = Release|Any CPU
		{5261D4F1-E2EB-431C-8666-9C15CFD985FC}.Release|x64.Deploy.0 = Release|Any CPU
		{5261D4F1-E2EB-431C-8666-9C15CFD985FC}.Release|x86.ActiveCfg = Release|Any CPU
		{5261D4F1-E2EB-431C-8666-9C15CFD985FC}.Release|x86.Build.0 = Release|Any CPU
		{5261D4F1-E2EB-431C-8666-9C15CFD985FC}.Release|x86.Deploy.0 = Release|Any CPU
		{15929CE6-2A12-4661-AF0D-60212725029E}.Ad-Hoc|Any CPU.ActiveCfg = Ad-Hoc|iPhone
		{15929CE6-2A12-4661-AF0D-60212725029E}.Ad-Hoc|Any CPU.Build.0 = Ad-Hoc|iPhone
		{15929CE6-2A12-4661-AF0D-60212725029E}.Ad-Hoc|Any CPU.Deploy.0 = Ad-Hoc|iPhone
		{15929CE6-2A12-4661-AF0D-60212725029E}.Ad-Hoc|ARM.ActiveCfg = Ad-Hoc|iPhone
		{15929CE6-2A12-4661-AF0D-60212725029E}.Ad-Hoc|ARM.Build.0 = Ad-Hoc|iPhone
		{15929CE6-2A12-4661-AF0D-60212725029E}.Ad-Hoc|ARM.Deploy.0 = Ad-Hoc|iPhone
		{15929CE6-2A12-4661-AF0D-60212725029E}.Ad-Hoc|iPhone.ActiveCfg = Ad-Hoc|iPhone
		{15929CE6-2A12-4661-AF0D-60212725029E}.Ad-Hoc|iPhone.Build.0 = Ad-Hoc|iPhone
		{15929CE6-2A12-4661-AF0D-60212725029E}.Ad-Hoc|iPhone.Deploy.0 = Ad-Hoc|iPhone
		{15929CE6-2A12-4661-AF0D-60212725029E}.Ad-Hoc|iPhoneSimulator.ActiveCfg = Ad-Hoc|iPhoneSimulator
		{15929CE6-2A12-4661-AF0D-60212725029E}.Ad-Hoc|iPhoneSimulator.Build.0 = Ad-Hoc|iPhoneSimulator
		{15929CE6-2A12-4661-AF0D-60212725029E}.Ad-Hoc|iPhoneSimulator.Deploy.0 = Ad-Hoc|iPhoneSimulator
		{15929CE6-2A12-4661-AF0D-60212725029E}.Ad-Hoc|x64.ActiveCfg = Ad-Hoc|iPhone
		{15929CE6-2A12-4661-AF0D-60212725029E}.Ad-Hoc|x64.Build.0 = Ad-Hoc|iPhone
		{15929CE6-2A12-4661-AF0D-60212725029E}.Ad-Hoc|x64.Deploy.0 = Ad-Hoc|iPhone
		{15929CE6-2A12-4661-AF0D-60212725029E}.Ad-Hoc|x86.ActiveCfg = Ad-Hoc|iPhone
		{15929CE6-2A12-4661-AF0D-60212725029E}.Ad-Hoc|x86.Build.0 = Ad-Hoc|iPhone
		{15929CE6-2A12-4661-AF0D-60212725029E}.Ad-Hoc|x86.Deploy.0 = Ad-Hoc|iPhone
		{15929CE6-2A12-4661-AF0D-60212725029E}.AppStore|Any CPU.ActiveCfg = AppStore|iPhone
		{15929CE6-2A12-4661-AF0D-60212725029E}.AppStore|Any CPU.Build.0 = AppStore|iPhone
		{15929CE6-2A12-4661-AF0D-60212725029E}.AppStore|Any CPU.Deploy.0 = AppStore|iPhone
		{15929CE6-2A12-4661-AF0D-60212725029E}.AppStore|ARM.ActiveCfg = AppStore|iPhone
		{15929CE6-2A12-4661-AF0D-60212725029E}.AppStore|ARM.Build.0 = AppStore|iPhone
		{15929CE6-2A12-4661-AF0D-60212725029E}.AppStore|ARM.Deploy.0 = AppStore|iPhone
		{15929CE6-2A12-4661-AF0D-60212725029E}.AppStore|iPhone.ActiveCfg = AppStore|iPhone
		{15929CE6-2A12-4661-AF0D-60212725029E}.AppStore|iPhone.Build.0 = AppStore|iPhone
		{15929CE6-2A12-4661-AF0D-60212725029E}.AppStore|iPhone.Deploy.0 = AppStore|iPhone
		{15929CE6-2A12-4661-AF0D-60212725029E}.AppStore|iPhoneSimulator.ActiveCfg = AppStore|iPhoneSimulator
		{15929CE6-2A12-4661-AF0D-60212725029E}.AppStore|iPhoneSimulator.Build.0 = AppStore|iPhoneSimulator
		{15929CE6-2A12-4661-AF0D-60212725029E}.AppStore|iPhoneSimulator.Deploy.0 = AppStore|iPhoneSimulator
		{15929CE6-2A12-4661-AF0D-60212725029E}.AppStore|x64.ActiveCfg = AppStore|iPhone
		{15929CE6-2A12-4661-AF0D-60212725029E}.AppStore|x64.Build.0 = AppStore|iPhone
		{15929CE6-2A12-4661-AF0D-60212725029E}.AppStore|x64.Deploy.0 = AppStore|iPhone
		{15929CE6-2A12-4661-AF0D-60212725029E}.AppStore|x86.ActiveCfg = AppStore|iPhone
		{15929CE6-2A12-4661-AF0D-60212725029E}.AppStore|x86.Build.0 = AppStore|iPhone
		{15929CE6-2A12-4661-AF0D-60212725029E}.AppStore|x86.Deploy.0 = AppStore|iPhone
		{15929CE6-2A12-4661-AF0D-60212725029E}.Debug|Any CPU.ActiveCfg = Debug|iPhoneSimulator
		{15929CE6-2A12-4661-AF0D-60212725029E}.Debug|Any CPU.Build.0 = Debug|iPhoneSimulator
		{15929CE6-2A12-4661-AF0D-60212725029E}.Debug|Any CPU.Deploy.0 = Debug|iPhoneSimulator
		{15929CE6-2A12-4661-AF0D-60212725029E}.Debug|ARM.ActiveCfg = Debug|iPhone
		{15929CE6-2A12-4661-AF0D-60212725029E}.Debug|ARM.Build.0 = Debug|iPhone
		{15929CE6-2A12-4661-AF0D-60212725029E}.Debug|ARM.Deploy.0 = Debug|iPhone
		{15929CE6-2A12-4661-AF0D-60212725029E}.Debug|iPhone.ActiveCfg = Debug|iPhone
		{15929CE6-2A12-4661-AF0D-60212725029E}.Debug|iPhone.Build.0 = Debug|iPhone
		{15929CE6-2A12-4661-AF0D-60212725029E}.Debug|iPhone.Deploy.0 = Debug|iPhone
		{15929CE6-2A12-4661-AF0D-60212725029E}.Debug|iPhoneSimulator.ActiveCfg = Debug|iPhoneSimulator
		{15929CE6-2A12-4661-AF0D-60212725029E}.Debug|iPhoneSimulator.Build.0 = Debug|iPhoneSimulator
		{15929CE6-2A12-4661-AF0D-60212725029E}.Debug|iPhoneSimulator.Deploy.0 = Debug|iPhoneSimulator
		{15929CE6-2A12-4661-AF0D-60212725029E}.Debug|x64.ActiveCfg = Debug|iPhone
		{15929CE6-2A12-4661-AF0D-60212725029E}.Debug|x64.Build.0 = Debug|iPhone
		{15929CE6-2A12-4661-AF0D-60212725029E}.Debug|x64.Deploy.0 = Debug|iPhone
		{15929CE6-2A12-4661-AF0D-60212725029E}.Debug|x86.ActiveCfg = Debug|iPhone
		{15929CE6-2A12-4661-AF0D-60212725029E}.Debug|x86.Build.0 = Debug|iPhone
		{15929CE6-2A12-4661-AF0D-60212725029E}.Debug|x86.Deploy.0 = Debug|iPhone
		{15929CE6-2A12-4661-AF0D-60212725029E}.Release|Any CPU.ActiveCfg = Release|iPhone
		{15929CE6-2A12-4661-AF0D-60212725029E}.Release|Any CPU.Build.0 = Release|iPhone
		{15929CE6-2A12-4661-AF0D-60212725029E}.Release|Any CPU.Deploy.0 = Release|iPhone
		{15929CE6-2A12-4661-AF0D-60212725029E}.Release|ARM.ActiveCfg = Release|iPhone
		{15929CE6-2A12-4661-AF0D-60212725029E}.Release|ARM.Build.0 = Release|iPhone
		{15929CE6-2A12-4661-AF0D-60212725029E}.Release|ARM.Deploy.0 = Release|iPhone
		{15929CE6-2A12-4661-AF0D-60212725029E}.Release|iPhone.ActiveCfg = Release|iPhone
		{15929CE6-2A12-4661-AF0D-60212725029E}.Release|iPhone.Build.0 = Release|iPhone
		{15929CE6-2A12-4661-AF0D-60212725029E}.Release|iPhone.Deploy.0 = Release|iPhone
		{15929CE6-2A12-4661-AF0D-60212725029E}.Release|iPhoneSimulator.ActiveCfg = Release|iPhoneSimulator
		{15929CE6-2A12-4661-AF0D-60212725029E}.Release|iPhoneSimulator.Build.0 = Release|iPhoneSimulator
		{15929CE6-2A12-4661-AF0D-60212725029E}.Release|iPhoneSimulator.Deploy.0 = Release|iPhoneSimulator
		{15929CE6-2A12-4661-AF0D-60212725029E}.Release|x64.ActiveCfg = Release|iPhone
		{15929CE6-2A12-4661-AF0D-60212725029E}.Release|x64.Build.0 = Release|iPhone
		{15929CE6-2A12-4661-AF0D-60212725029E}.Release|x64.Deploy.0 = Release|iPhone
		{15929CE6-2A12-4661-AF0D-60212725029E}.Release|x86.ActiveCfg = Release|iPhone
		{15929CE6-2A12-4661-AF0D-60212725029E}.Release|x86.Build.0 = Release|iPhone
		{15929CE6-2A12-4661-AF0D-60212725029E}.Release|x86.Deploy.0 = Release|iPhone
		{9BF5AE11-02AA-4742-A2B7-14FFE06788F8}.Ad-Hoc|Any CPU.ActiveCfg = Release|x86
		{9BF5AE11-02AA-4742-A2B7-14FFE06788F8}.Ad-Hoc|Any CPU.Build.0 = Release|x86
		{9BF5AE11-02AA-4742-A2B7-14FFE06788F8}.Ad-Hoc|Any CPU.Deploy.0 = Release|x86
		{9BF5AE11-02AA-4742-A2B7-14FFE06788F8}.Ad-Hoc|ARM.ActiveCfg = Release|ARM
		{9BF5AE11-02AA-4742-A2B7-14FFE06788F8}.Ad-Hoc|ARM.Build.0 = Release|ARM
		{9BF5AE11-02AA-4742-A2B7-14FFE06788F8}.Ad-Hoc|ARM.Deploy.0 = Release|ARM
		{9BF5AE11-02AA-4742-A2B7-14FFE06788F8}.Ad-Hoc|iPhone.ActiveCfg = Release|x86
		{9BF5AE11-02AA-4742-A2B7-14FFE06788F8}.Ad-Hoc|iPhone.Build.0 = Release|x86
		{9BF5AE11-02AA-4742-A2B7-14FFE06788F8}.Ad-Hoc|iPhone.Deploy.0 = Release|x86
		{9BF5AE11-02AA-4742-A2B7-14FFE06788F8}.Ad-Hoc|iPhoneSimulator.ActiveCfg = Release|x86
		{9BF5AE11-02AA-4742-A2B7-14FFE06788F8}.Ad-Hoc|iPhoneSimulator.Build.0 = Release|x86
		{9BF5AE11-02AA-4742-A2B7-14FFE06788F8}.Ad-Hoc|iPhoneSimulator.Deploy.0 = Release|x86
		{9BF5AE11-02AA-4742-A2B7-14FFE06788F8}.Ad-Hoc|x64.ActiveCfg = Release|x64
		{9BF5AE11-02AA-4742-A2B7-14FFE06788F8}.Ad-Hoc|x64.Build.0 = Release|x64
		{9BF5AE11-02AA-4742-A2B7-14FFE06788F8}.Ad-Hoc|x64.Deploy.0 = Release|x64
		{9BF5AE11-02AA-4742-A2B7-14FFE06788F8}.Ad-Hoc|x86.ActiveCfg = Release|x86
		{9BF5AE11-02AA-4742-A2B7-14FFE06788F8}.Ad-Hoc|x86.Build.0 = Release|x86
		{9BF5AE11-02AA-4742-A2B7-14FFE06788F8}.Ad-Hoc|x86.Deploy.0 = Release|x86
		{9BF5AE11-02AA-4742-A2B7-14FFE06788F8}.AppStore|Any CPU.ActiveCfg = Release|x86
		{9BF5AE11-02AA-4742-A2B7-14FFE06788F8}.AppStore|Any CPU.Build.0 = Release|x86
		{9BF5AE11-02AA-4742-A2B7-14FFE06788F8}.AppStore|Any CPU.Deploy.0 = Release|x86
		{9BF5AE11-02AA-4742-A2B7-14FFE06788F8}.AppStore|ARM.ActiveCfg = Release|ARM
		{9BF5AE11-02AA-4742-A2B7-14FFE06788F8}.AppStore|ARM.Build.0 = Release|ARM
		{9BF5AE11-02AA-4742-A2B7-14FFE06788F8}.AppStore|ARM.Deploy.0 = Release|ARM
		{9BF5AE11-02AA-4742-A2B7-14FFE06788F8}.AppStore|iPhone.ActiveCfg = Release|x86
		{9BF5AE11-02AA-4742-A2B7-14FFE06788F8}.AppStore|iPhone.Build.0 = Release|x86
		{9BF5AE11-02AA-4742-A2B7-14FFE06788F8}.AppStore|iPhone.Deploy.0 = Release|x86
		{9BF5AE11-02AA-4742-A2B7-14FFE06788F8}.AppStore|iPhoneSimulator.ActiveCfg = Release|x86
		{9BF5AE11-02AA-4742-A2B7-14FFE06788F8}.AppStore|iPhoneSimulator.Build.0 = Release|x86
		{9BF5AE11-02AA-4742-A2B7-14FFE06788F8}.AppStore|iPhoneSimulator.Deploy.0 = Release|x86
		{9BF5AE11-02AA-4742-A2B7-14FFE06788F8}.AppStore|x64.ActiveCfg = Release|x64
		{9BF5AE11-02AA-4742-A2B7-14FFE06788F8}.AppStore|x64.Build.0 = Release|x64
		{9BF5AE11-02AA-4742-A2B7-14FFE06788F8}.AppStore|x64.Deploy.0 = Release|x64
		{9BF5AE11-02AA-4742-A2B7-14FFE06788F8}.AppStore|x86.ActiveCfg = Release|x86
		{9BF5AE11-02AA-4742-A2B7-14FFE06788F8}.AppStore|x86.Build.0 = Release|x86
		{9BF5AE11-02AA-4742-A2B7-14FFE06788F8}.AppStore|x86.Deploy.0 = Release|x86
		{9BF5AE11-02AA-4742-A2B7-14FFE06788F8}.Debug|Any CPU.ActiveCfg = Debug|x86
		{9BF5AE11-02AA-4742-A2B7-14FFE06788F8}.Debug|Any CPU.Build.0 = Debug|x86
		{9BF5AE11-02AA-4742-A2B7-14FFE06788F8}.Debug|Any CPU.Deploy.0 = Debug|x86
		{9BF5AE11-02AA-4742-A2B7-14FFE06788F8}.Debug|ARM.ActiveCfg = Debug|ARM
		{9BF5AE11-02AA-4742-A2B7-14FFE06788F8}.Debug|ARM.Build.0 = Debug|ARM
		{9BF5AE11-02AA-4742-A2B7-14FFE06788F8}.Debug|ARM.Deploy.0 = Debug|ARM
		{9BF5AE11-02AA-4742-A2B7-14FFE06788F8}.Debug|iPhone.ActiveCfg = Debug|x86
		{9BF5AE11-02AA-4742-A2B7-14FFE06788F8}.Debug|iPhone.Build.0 = Debug|x86
		{9BF5AE11-02AA-4742-A2B7-14FFE06788F8}.Debug|iPhone.Deploy.0 = Debug|x86
		{9BF5AE11-02AA-4742-A2B7-14FFE06788F8}.Debug|iPhoneSimulator.ActiveCfg = Debug|x86
		{9BF5AE11-02AA-4742-A2B7-14FFE06788F8}.Debug|iPhoneSimulator.Build.0 = Debug|x86
		{9BF5AE11-02AA-4742-A2B7-14FFE06788F8}.Debug|iPhoneSimulator.Deploy.0 = Debug|x86
		{9BF5AE11-02AA-4742-A2B7-14FFE06788F8}.Debug|x64.ActiveCfg = Debug|x64
		{9BF5AE11-02AA-4742-A2B7-14FFE06788F8}.Debug|x64.Build.0 = Debug|x64
		{9BF5AE11-02AA-4742-A2B7-14FFE06788F8}.Debug|x64.Deploy.0 = Debug|x64
		{9BF5AE11-02AA-4742-A2B7-14FFE06788F8}.Debug|x86.ActiveCfg = Debug|x86
		{9BF5AE11-02AA-4742-A2B7-14FFE06788F8}.Debug|x86.Build.0 = Debug|x86
		{9BF5AE11-02AA-4742-A2B7-14FFE06788F8}.Debug|x86.Deploy.0 = Debug|x86
		{9BF5AE11-02AA-4742-A2B7-14FFE06788F8}.Release|Any CPU.ActiveCfg = Release|x86
		{9BF5AE11-02AA-4742-A2B7-14FFE06788F8}.Release|Any CPU.Build.0 = Release|x86
		{9BF5AE11-02AA-4742-A2B7-14FFE06788F8}.Release|Any CPU.Deploy.0 = Release|x86
		{9BF5AE11-02AA-4742-A2B7-14FFE06788F8}.Release|ARM.ActiveCfg = Release|ARM
		{9BF5AE11-02AA-4742-A2B7-14FFE06788F8}.Release|ARM.Build.0 = Release|ARM
		{9BF5AE11-02AA-4742-A2B7-14FFE06788F8}.Release|ARM.Deploy.0 = Release|ARM
		{9BF5AE11-02AA-4742-A2B7-14FFE06788F8}.Release|iPhone.ActiveCfg = Release|x86
		{9BF5AE11-02AA-4742-A2B7-14FFE06788F8}.Release|iPhone.Build.0 = Release|x86
		{9BF5AE11-02AA-4742-A2B7-14FFE06788F8}.Release|iPhone.Deploy.0 = Release|x86
		{9BF5AE11-02AA-4742-A2B7-14FFE06788F8}.Release|iPhoneSimulator.ActiveCfg = Release|x86
		{9BF5AE11-02AA-4742-A2B7-14FFE06788F8}.Release|iPhoneSimulator.Build.0 = Release|x86
		{9BF5AE11-02AA-4742-A2B7-14FFE06788F8}.Release|iPhoneSimulator.Deploy.0 = Release|x86
		{9BF5AE11-02AA-4742-A2B7-14FFE06788F8}.Release|x64.ActiveCfg = Release|x64
		{9BF5AE11-02AA-4742-A2B7-14FFE06788F8}.Release|x64.Build.0 = Release|x64
		{9BF5AE11-02AA-4742-A2B7-14FFE06788F8}.Release|x64.Deploy.0 = Release|x64
		{9BF5AE11-02AA-4742-A2B7-14FFE06788F8}.Release|x86.ActiveCfg = Release|x86
		{9BF5AE11-02AA-4742-A2B7-14FFE06788F8}.Release|x86.Build.0 = Release|x86
		{9BF5AE11-02AA-4742-A2B7-14FFE06788F8}.Release|x86.Deploy.0 = Release|x86
		{BACFA84A-B163-4ED1-82BB-0492BFD239C1}.Ad-Hoc|Any CPU.ActiveCfg = Debug|Any CPU
		{BACFA84A-B163-4ED1-82BB-0492BFD239C1}.Ad-Hoc|Any CPU.Build.0 = Debug|Any CPU
		{BACFA84A-B163-4ED1-82BB-0492BFD239C1}.Ad-Hoc|Any CPU.Deploy.0 = Debug|Any CPU
		{BACFA84A-B163-4ED1-82BB-0492BFD239C1}.Ad-Hoc|ARM.ActiveCfg = Debug|Any CPU
		{BACFA84A-B163-4ED1-82BB-0492BFD239C1}.Ad-Hoc|ARM.Build.0 = Debug|Any CPU
		{BACFA84A-B163-4ED1-82BB-0492BFD239C1}.Ad-Hoc|ARM.Deploy.0 = Debug|Any CPU
		{BACFA84A-B163-4ED1-82BB-0492BFD239C1}.Ad-Hoc|iPhone.ActiveCfg = Debug|Any CPU
		{BACFA84A-B163-4ED1-82BB-0492BFD239C1}.Ad-Hoc|iPhone.Build.0 = Debug|Any CPU
		{BACFA84A-B163-4ED1-82BB-0492BFD239C1}.Ad-Hoc|iPhone.Deploy.0 = Debug|Any CPU
		{BACFA84A-B163-4ED1-82BB-0492BFD239C1}.Ad-Hoc|iPhoneSimulator.ActiveCfg = Debug|Any CPU
		{BACFA84A-B163-4ED1-82BB-0492BFD239C1}.Ad-Hoc|iPhoneSimulator.Build.0 = Debug|Any CPU
		{BACFA84A-B163-4ED1-82BB-0492BFD239C1}.Ad-Hoc|iPhoneSimulator.Deploy.0 = Debug|Any CPU
		{BACFA84A-B163-4ED1-82BB-0492BFD239C1}.Ad-Hoc|x64.ActiveCfg = Debug|Any CPU
		{BACFA84A-B163-4ED1-82BB-0492BFD239C1}.Ad-Hoc|x64.Build.0 = Debug|Any CPU
		{BACFA84A-B163-4ED1-82BB-0492BFD239C1}.Ad-Hoc|x64.Deploy.0 = Debug|Any CPU
		{BACFA84A-B163-4ED1-82BB-0492BFD239C1}.Ad-Hoc|x86.ActiveCfg = Debug|Any CPU
		{BACFA84A-B163-4ED1-82BB-0492BFD239C1}.Ad-Hoc|x86.Build.0 = Debug|Any CPU
		{BACFA84A-B163-4ED1-82BB-0492BFD239C1}.Ad-Hoc|x86.Deploy.0 = Debug|Any CPU
		{BACFA84A-B163-4ED1-82BB-0492BFD239C1}.AppStore|Any CPU.ActiveCfg = Debug|Any CPU
		{BACFA84A-B163-4ED1-82BB-0492BFD239C1}.AppStore|Any CPU.Build.0 = Debug|Any CPU
		{BACFA84A-B163-4ED1-82BB-0492BFD239C1}.AppStore|Any CPU.Deploy.0 = Debug|Any CPU
		{BACFA84A-B163-4ED1-82BB-0492BFD239C1}.AppStore|ARM.ActiveCfg = Debug|Any CPU
		{BACFA84A-B163-4ED1-82BB-0492BFD239C1}.AppStore|ARM.Build.0 = Debug|Any CPU
		{BACFA84A-B163-4ED1-82BB-0492BFD239C1}.AppStore|ARM.Deploy.0 = Debug|Any CPU
		{BACFA84A-B163-4ED1-82BB-0492BFD239C1}.AppStore|iPhone.ActiveCfg = Debug|Any CPU
		{BACFA84A-B163-4ED1-82BB-0492BFD239C1}.AppStore|iPhone.Build.0 = Debug|Any CPU
		{BACFA84A-B163-4ED1-82BB-0492BFD239C1}.AppStore|iPhone.Deploy.0 = Debug|Any CPU
		{BACFA84A-B163-4ED1-82BB-0492BFD239C1}.AppStore|iPhoneSimulator.ActiveCfg = Debug|Any CPU
		{BACFA84A-B163-4ED1-82BB-0492BFD239C1}.AppStore|iPhoneSimulator.Build.0 = Debug|Any CPU
		{BACFA84A-B163-4ED1-82BB-0492BFD239C1}.AppStore|iPhoneSimulator.Deploy.0 = Debug|Any CPU
		{BACFA84A-B163-4ED1-82BB-0492BFD239C1}.AppStore|x64.ActiveCfg = Debug|Any CPU
		{BACFA84A-B163-4ED1-82BB-0492BFD239C1}.AppStore|x64.Build.0 = Debug|Any CPU
		{BACFA84A-B163-4ED1-82BB-0492BFD239C1}.AppStore|x64.Deploy.0 = Debug|Any CPU
		{BACFA84A-B163-4ED1-82BB-0492BFD239C1}.AppStore|x86.ActiveCfg = Debug|Any CPU
		{BACFA84A-B163-4ED1-82BB-0492BFD239C1}.AppStore|x86.Build.0 = Debug|Any CPU
		{BACFA84A-B163-4ED1-82BB-0492BFD239C1}.AppStore|x86.Deploy.0 = Debug|Any CPU
		{BACFA84A-B163-4ED1-82BB-0492BFD239C1}.Debug|Any CPU.ActiveCfg = Debug|Any CPU
		{BACFA84A-B163-4ED1-82BB-0492BFD239C1}.Debug|Any CPU.Build.0 = Debug|Any CPU
		{BACFA84A-B163-4ED1-82BB-0492BFD239C1}.Debug|Any CPU.Deploy.0 = Debug|Any CPU
		{BACFA84A-B163-4ED1-82BB-0492BFD239C1}.Debug|ARM.ActiveCfg = Debug|Any CPU
		{BACFA84A-B163-4ED1-82BB-0492BFD239C1}.Debug|ARM.Build.0 = Debug|Any CPU
		{BACFA84A-B163-4ED1-82BB-0492BFD239C1}.Debug|ARM.Deploy.0 = Debug|Any CPU
		{BACFA84A-B163-4ED1-82BB-0492BFD239C1}.Debug|iPhone.ActiveCfg = Debug|Any CPU
		{BACFA84A-B163-4ED1-82BB-0492BFD239C1}.Debug|iPhone.Build.0 = Debug|Any CPU
		{BACFA84A-B163-4ED1-82BB-0492BFD239C1}.Debug|iPhone.Deploy.0 = Debug|Any CPU
		{BACFA84A-B163-4ED1-82BB-0492BFD239C1}.Debug|iPhoneSimulator.ActiveCfg = Debug|Any CPU
		{BACFA84A-B163-4ED1-82BB-0492BFD239C1}.Debug|iPhoneSimulator.Build.0 = Debug|Any CPU
		{BACFA84A-B163-4ED1-82BB-0492BFD239C1}.Debug|iPhoneSimulator.Deploy.0 = Debug|Any CPU
		{BACFA84A-B163-4ED1-82BB-0492BFD239C1}.Debug|x64.ActiveCfg = Debug|Any CPU
		{BACFA84A-B163-4ED1-82BB-0492BFD239C1}.Debug|x64.Build.0 = Debug|Any CPU
		{BACFA84A-B163-4ED1-82BB-0492BFD239C1}.Debug|x64.Deploy.0 = Debug|Any CPU
		{BACFA84A-B163-4ED1-82BB-0492BFD239C1}.Debug|x86.ActiveCfg = Debug|Any CPU
		{BACFA84A-B163-4ED1-82BB-0492BFD239C1}.Debug|x86.Build.0 = Debug|Any CPU
		{BACFA84A-B163-4ED1-82BB-0492BFD239C1}.Debug|x86.Deploy.0 = Debug|Any CPU
		{BACFA84A-B163-4ED1-82BB-0492BFD239C1}.Release|Any CPU.ActiveCfg = Release|Any CPU
		{BACFA84A-B163-4ED1-82BB-0492BFD239C1}.Release|Any CPU.Build.0 = Release|Any CPU
		{BACFA84A-B163-4ED1-82BB-0492BFD239C1}.Release|Any CPU.Deploy.0 = Release|Any CPU
		{BACFA84A-B163-4ED1-82BB-0492BFD239C1}.Release|ARM.ActiveCfg = Release|Any CPU
		{BACFA84A-B163-4ED1-82BB-0492BFD239C1}.Release|ARM.Build.0 = Release|Any CPU
		{BACFA84A-B163-4ED1-82BB-0492BFD239C1}.Release|ARM.Deploy.0 = Release|Any CPU
		{BACFA84A-B163-4ED1-82BB-0492BFD239C1}.Release|iPhone.ActiveCfg = Release|Any CPU
		{BACFA84A-B163-4ED1-82BB-0492BFD239C1}.Release|iPhone.Build.0 = Release|Any CPU
		{BACFA84A-B163-4ED1-82BB-0492BFD239C1}.Release|iPhone.Deploy.0 = Release|Any CPU
		{BACFA84A-B163-4ED1-82BB-0492BFD239C1}.Release|iPhoneSimulator.ActiveCfg = Release|Any CPU
		{BACFA84A-B163-4ED1-82BB-0492BFD239C1}.Release|iPhoneSimulator.Build.0 = Release|Any CPU
		{BACFA84A-B163-4ED1-82BB-0492BFD239C1}.Release|iPhoneSimulator.Deploy.0 = Release|Any CPU
		{BACFA84A-B163-4ED1-82BB-0492BFD239C1}.Release|x64.ActiveCfg = Release|Any CPU
		{BACFA84A-B163-4ED1-82BB-0492BFD239C1}.Release|x64.Build.0 = Release|Any CPU
		{BACFA84A-B163-4ED1-82BB-0492BFD239C1}.Release|x64.Deploy.0 = Release|Any CPU
		{BACFA84A-B163-4ED1-82BB-0492BFD239C1}.Release|x86.ActiveCfg = Release|Any CPU
		{BACFA84A-B163-4ED1-82BB-0492BFD239C1}.Release|x86.Build.0 = Release|Any CPU
		{BACFA84A-B163-4ED1-82BB-0492BFD239C1}.Release|x86.Deploy.0 = Release|Any CPU
	EndGlobalSection
	GlobalSection(SolutionProperties) = preSolution
		HideSolutionNode = FALSE
	EndGlobalSection
	GlobalSection(ExtensibilityGlobals) = postSolution
		SolutionGuid = {655A9478-84BA-42B6-A391-489A753C246C}
	EndGlobalSection
EndGlobal
